{
  "name": "08-03-test",
  "version": "1.0.0",
  "lockfileVersion": 3,
  "requires": true,
  "packages": {
    "": {
      "name": "08-03-test",
      "version": "1.0.0",
      "license": "ISC",
      "devDependencies": {
        "08-02-webpack-number-lucar": "^1.0.1",
        "lodash": "^4.17.21"
      }
    },
    "node_modules/08-02-webpack-number-lucar": {
      "version": "1.0.1",
      "resolved": "https://registry.npmjs.org/08-02-webpack-number-lucar/-/08-02-webpack-number-lucar-1.0.1.tgz",
      "integrity": "sha512-6fjjpbvE5XpTVJNtvbise8t6d789vYQBxQBfVwM1F3ceGadC2R7g2vvAa+WOKIwllNxMEaR1McTwkmzXZ1DLsg==",
      "dev": true
    },
    "node_modules/lodash": {
      "version": "4.17.21",
      "resolved": "https://registry.npmjs.org/lodash/-/lodash-4.17.21.tgz",
      "integrity": "sha512-v2kDEe57lecTulaDIuNTPy3Ry4gLGJ6Z1O3vE1krgXZNrsQ+LFTGHVxVjcXPs17LhbZVGedAJv8XZ1tvj5FvSg==",
      "dev": true
    }
  }
}
